// !$*UTF8*$!
{
	archiveVersion = 1;
	classes = {
	};
	objectVersion = 46;
	objects = {

/* Begin PBXBuildFile section */
		117BA6B21A62A68500923A25 /* main.m in Sources */ = {isa = PBXBuildFile; fileRef = 117BA6B11A62A68500923A25 /* main.m */; };
		117BA6B51A62A68500923A25 /* AppDelegate.m in Sources */ = {isa = PBXBuildFile; fileRef = 117BA6B41A62A68500923A25 /* AppDelegate.m */; };
		117BA6BE1A62A68500923A25 /* Main.storyboard in Resources */ = {isa = PBXBuildFile; fileRef = 117BA6BC1A62A68500923A25 /* Main.storyboard */; };
		117BA6C01A62A68500923A25 /* Images.xcassets in Resources */ = {isa = PBXBuildFile; fileRef = 117BA6BF1A62A68500923A25 /* Images.xcassets */; };
		117BA6C31A62A68500923A25 /* LaunchScreen.xib in Resources */ = {isa = PBXBuildFile; fileRef = 117BA6C11A62A68500923A25 /* LaunchScreen.xib */; };
		117BA6CF1A62A68500923A25 /* MatchedupTests.m in Sources */ = {isa = PBXBuildFile; fileRef = 117BA6CE1A62A68500923A25 /* MatchedupTests.m */; };
		117BA6DA1A62A77B00923A25 /* XZZLoginViewController.m in Sources */ = {isa = PBXBuildFile; fileRef = 117BA6D91A62A77B00923A25 /* XZZLoginViewController.m */; };
		117BA6DE1A638B2500923A25 /* XZZConstants.m in Sources */ = {isa = PBXBuildFile; fileRef = 117BA6DD1A638B2500923A25 /* XZZConstants.m */; };
		11CE88DD1A66462700D895C6 /* faye.png in Resources */ = {isa = PBXBuildFile; fileRef = 11CE88DC1A66462700D895C6 /* faye.png */; };
		11CE88E11A66482700D895C6 /* XZZHomeViewController.m in Sources */ = {isa = PBXBuildFile; fileRef = 11CE88E01A66482700D895C6 /* XZZHomeViewController.m */; };
		11CE88E51A664E4B00D895C6 /* XZZSettingsViewController.m in Sources */ = {isa = PBXBuildFile; fileRef = 11CE88E41A664E4B00D895C6 /* XZZSettingsViewController.m */; };
		3A999F2228982A4AE175E7F2 /* libPods.a in Frameworks */ = {isa = PBXBuildFile; fileRef = 5FEA65C981A5CC0D8EBD7B24 /* libPods.a */; };
/* End PBXBuildFile section */

/* Begin PBXContainerItemProxy section */
		117BA6C91A62A68500923A25 /* PBXContainerItemProxy */ = {
			isa = PBXContainerItemProxy;
			containerPortal = 117BA6A41A62A68500923A25 /* Project object */;
			proxyType = 1;
			remoteGlobalIDString = 117BA6AB1A62A68500923A25;
			remoteInfo = Matchedup;
		};
/* End PBXContainerItemProxy section */

/* Begin PBXFileReference section */
		117BA6AC1A62A68500923A25 /* Matchedup.app */ = {isa = PBXFileReference; explicitFileType = wrapper.application; includeInIndex = 0; path = Matchedup.app; sourceTree = BUILT_PRODUCTS_DIR; };
		117BA6B01A62A68500923A25 /* Info.plist */ = {isa = PBXFileReference; lastKnownFileType = text.plist.xml; path = Info.plist; sourceTree = "<group>"; };
		117BA6B11A62A68500923A25 /* main.m */ = {isa = PBXFileReference; lastKnownFileType = sourcecode.c.objc; path = main.m; sourceTree = "<group>"; };
		117BA6B31A62A68500923A25 /* AppDelegate.h */ = {isa = PBXFileReference; lastKnownFileType = sourcecode.c.h; path = AppDelegate.h; sourceTree = "<group>"; };
		117BA6B41A62A68500923A25 /* AppDelegate.m */ = {isa = PBXFileReference; lastKnownFileType = sourcecode.c.objc; path = AppDelegate.m; sourceTree = "<group>"; };
		117BA6BD1A62A68500923A25 /* Base */ = {isa = PBXFileReference; lastKnownFileType = file.storyboard; name = Base; path = Base.lproj/Main.storyboard; sourceTree = "<group>"; };
		117BA6BF1A62A68500923A25 /* Images.xcassets */ = {isa = PBXFileReference; lastKnownFileType = folder.assetcatalog; path = Images.xcassets; sourceTree = "<group>"; };
		117BA6C21A62A68500923A25 /* Base */ = {isa = PBXFileReference; lastKnownFileType = file.xib; name = Base; path = Base.lproj/LaunchScreen.xib; sourceTree = "<group>"; };
		117BA6C81A62A68500923A25 /* MatchedupTests.xctest */ = {isa = PBXFileReference; explicitFileType = wrapper.cfbundle; includeInIndex = 0; path = MatchedupTests.xctest; sourceTree = BUILT_PRODUCTS_DIR; };
		117BA6CD1A62A68500923A25 /* Info.plist */ = {isa = PBXFileReference; lastKnownFileType = text.plist.xml; path = Info.plist; sourceTree = "<group>"; };
		117BA6CE1A62A68500923A25 /* MatchedupTests.m */ = {isa = PBXFileReference; lastKnownFileType = sourcecode.c.objc; path = MatchedupTests.m; sourceTree = "<group>"; };
		117BA6D81A62A77B00923A25 /* XZZLoginViewController.h */ = {isa = PBXFileReference; fileEncoding = 4; lastKnownFileType = sourcecode.c.h; path = XZZLoginViewController.h; sourceTree = "<group>"; };
		117BA6D91A62A77B00923A25 /* XZZLoginViewController.m */ = {isa = PBXFileReference; fileEncoding = 4; lastKnownFileType = sourcecode.c.objc; path = XZZLoginViewController.m; sourceTree = "<group>"; };
		117BA6DC1A638B2500923A25 /* XZZConstants.h */ = {isa = PBXFileReference; fileEncoding = 4; lastKnownFileType = sourcecode.c.h; path = XZZConstants.h; sourceTree = "<group>"; };
		117BA6DD1A638B2500923A25 /* XZZConstants.m */ = {isa = PBXFileReference; fileEncoding = 4; lastKnownFileType = sourcecode.c.objc; path = XZZConstants.m; sourceTree = "<group>"; };
		11CE88DC1A66462700D895C6 /* faye.png */ = {isa = PBXFileReference; lastKnownFileType = image.png; path = faye.png; sourceTree = "<group>"; };
		11CE88DF1A66482700D895C6 /* XZZHomeViewController.h */ = {isa = PBXFileReference; fileEncoding = 4; lastKnownFileType = sourcecode.c.h; path = XZZHomeViewController.h; sourceTree = "<group>"; };
		11CE88E01A66482700D895C6 /* XZZHomeViewController.m */ = {isa = PBXFileReference; fileEncoding = 4; lastKnownFileType = sourcecode.c.objc; path = XZZHomeViewController.m; sourceTree = "<group>"; };
		11CE88E31A664E4B00D895C6 /* XZZSettingsViewController.h */ = {isa = PBXFileReference; fileEncoding = 4; lastKnownFileType = sourcecode.c.h; path = XZZSettingsViewController.h; sourceTree = "<group>"; };
		11CE88E41A664E4B00D895C6 /* XZZSettingsViewController.m */ = {isa = PBXFileReference; fileEncoding = 4; lastKnownFileType = sourcecode.c.objc; path = XZZSettingsViewController.m; sourceTree = "<group>"; };
		5FEA65C981A5CC0D8EBD7B24 /* libPods.a */ = {isa = PBXFileReference; explicitFileType = archive.ar; includeInIndex = 0; path = libPods.a; sourceTree = BUILT_PRODUCTS_DIR; };
		8463E9A5F31DA5AED5C86A3F /* Pods.release.xcconfig */ = {isa = PBXFileReference; includeInIndex = 1; lastKnownFileType = text.xcconfig; name = Pods.release.xcconfig; path = "Pods/Target Support Files/Pods/Pods.release.xcconfig"; sourceTree = "<group>"; };
		E88652461C084C278C0ADDAB /* Pods.debug.xcconfig */ = {isa = PBXFileReference; includeInIndex = 1; lastKnownFileType = text.xcconfig; name = Pods.debug.xcconfig; path = "Pods/Target Support Files/Pods/Pods.debug.xcconfig"; sourceTree = "<group>"; };
/* End PBXFileReference section */

/* Begin PBXFrameworksBuildPhase section */
		117BA6A91A62A68500923A25 /* Frameworks */ = {
			isa = PBXFrameworksBuildPhase;
			buildActionMask = 2147483647;
			files = (
				3A999F2228982A4AE175E7F2 /* libPods.a in Frameworks */,
			);
			runOnlyForDeploymentPostprocessing = 0;
		};
		117BA6C51A62A68500923A25 /* Frameworks */ = {
			isa = PBXFrameworksBuildPhase;
			buildActionMask = 2147483647;
			files = (
			);
			runOnlyForDeploymentPostprocessing = 0;
		};
/* End PBXFrameworksBuildPhase section */

/* Begin PBXGroup section */
		117BA6A31A62A68500923A25 = {
			isa = PBXGroup;
			children = (
				117BA6AE1A62A68500923A25 /* Matchedup */,
				117BA6CB1A62A68500923A25 /* MatchedupTests */,
				117BA6AD1A62A68500923A25 /* Products */,
				19AB67CA0DF8F64B319A1D8A /* Pods */,
				85F3A610722FD9FDD7B4F176 /* Frameworks */,
			);
			sourceTree = "<group>";
		};
		117BA6AD1A62A68500923A25 /* Products */ = {
			isa = PBXGroup;
			children = (
				117BA6AC1A62A68500923A25 /* Matchedup.app */,
				117BA6C81A62A68500923A25 /* MatchedupTests.xctest */,
			);
			name = Products;
			sourceTree = "<group>";
		};
		117BA6AE1A62A68500923A25 /* Matchedup */ = {
			isa = PBXGroup;
			children = (
				117BA6B31A62A68500923A25 /* AppDelegate.h */,
				117BA6B41A62A68500923A25 /* AppDelegate.m */,
				117BA6BC1A62A68500923A25 /* Main.storyboard */,
				117BA6DB1A62A78500923A25 /* Login */,
				11CE88DE1A6647F300D895C6 /* Home */,
				11CE88E21A664DE000D895C6 /* Settings */,
				117BA6BF1A62A68500923A25 /* Images.xcassets */,
				117BA6C11A62A68500923A25 /* LaunchScreen.xib */,
				117BA6AF1A62A68500923A25 /* Supporting Files */,
			);
			path = Matchedup;
			sourceTree = "<group>";
		};
		117BA6AF1A62A68500923A25 /* Supporting Files */ = {
			isa = PBXGroup;
			children = (
				117BA6DC1A638B2500923A25 /* XZZConstants.h */,
				117BA6DD1A638B2500923A25 /* XZZConstants.m */,
				11CE88DC1A66462700D895C6 /* faye.png */,
				117BA6B01A62A68500923A25 /* Info.plist */,
				117BA6B11A62A68500923A25 /* main.m */,
			);
			name = "Supporting Files";
			sourceTree = "<group>";
		};
		117BA6CB1A62A68500923A25 /* MatchedupTests */ = {
			isa = PBXGroup;
			children = (
				117BA6CE1A62A68500923A25 /* MatchedupTests.m */,
				117BA6CC1A62A68500923A25 /* Supporting Files */,
			);
			path = MatchedupTests;
			sourceTree = "<group>";
		};
		117BA6CC1A62A68500923A25 /* Supporting Files */ = {
			isa = PBXGroup;
			children = (
				117BA6CD1A62A68500923A25 /* Info.plist */,
			);
			name = "Supporting Files";
			sourceTree = "<group>";
		};
		117BA6DB1A62A78500923A25 /* Login */ = {
			isa = PBXGroup;
			children = (
				117BA6D81A62A77B00923A25 /* XZZLoginViewController.h */,
				117BA6D91A62A77B00923A25 /* XZZLoginViewController.m */,
			);
			name = Login;
			sourceTree = "<group>";
		};
		11CE88DE1A6647F300D895C6 /* Home */ = {
			isa = PBXGroup;
			children = (
				11CE88DF1A66482700D895C6 /* XZZHomeViewController.h */,
				11CE88E01A66482700D895C6 /* XZZHomeViewController.m */,
			);
			name = Home;
			sourceTree = "<group>";
		};
		11CE88E21A664DE000D895C6 /* Settings */ = {
			isa = PBXGroup;
			children = (
				11CE88E31A664E4B00D895C6 /* XZZSettingsViewController.h */,
				11CE88E41A664E4B00D895C6 /* XZZSettingsViewController.m */,
			);
			name = Settings;
			sourceTree = "<group>";
		};
		19AB67CA0DF8F64B319A1D8A /* Pods */ = {
			isa = PBXGroup;
			children = (
				E88652461C084C278C0ADDAB /* Pods.debug.xcconfig */,
				8463E9A5F31DA5AED5C86A3F /* Pods.release.xcconfig */,
			);
			name = Pods;
			sourceTree = "<group>";
		};
		85F3A610722FD9FDD7B4F176 /* Frameworks */ = {
			isa = PBXGroup;
			children = (
				5FEA65C981A5CC0D8EBD7B24 /* libPods.a */,
			);
			name = Frameworks;
			sourceTree = "<group>";
		};
/* End PBXGroup section */

/* Begin PBXNativeTarget section */
		117BA6AB1A62A68500923A25 /* Matchedup */ = {
			isa = PBXNativeTarget;
			buildConfigurationList = 117BA6D21A62A68500923A25 /* Build configuration list for PBXNativeTarget "Matchedup" */;
			buildPhases = (
				6CF7D30EB710433342327CAC /* Check Pods Manifest.lock */,
				117BA6A81A62A68500923A25 /* Sources */,
				117BA6A91A62A68500923A25 /* Frameworks */,
				117BA6AA1A62A68500923A25 /* Resources */,
				65EAF70B210ADE877680E63A /* Copy Pods Resources */,
			);
			buildRules = (
			);
			dependencies = (
			);
			name = Matchedup;
			productName = Matchedup;
			productReference = 117BA6AC1A62A68500923A25 /* Matchedup.app */;
			productType = "com.apple.product-type.application";
		};
		117BA6C71A62A68500923A25 /* MatchedupTests */ = {
			isa = PBXNativeTarget;
			buildConfigurationList = 117BA6D51A62A68500923A25 /* Build configuration list for PBXNativeTarget "MatchedupTests" */;
			buildPhases = (
				117BA6C41A62A68500923A25 /* Sources */,
				117BA6C51A62A68500923A25 /* Frameworks */,
				117BA6C61A62A68500923A25 /* Resources */,
			);
			buildRules = (
			);
			dependencies = (
				117BA6CA1A62A68500923A25 /* PBXTargetDependency */,
			);
			name = MatchedupTests;
			productName = MatchedupTests;
			productReference = 117BA6C81A62A68500923A25 /* MatchedupTests.xctest */;
			productType = "com.apple.product-type.bundle.unit-test";
		};
/* End PBXNativeTarget section */

/* Begin PBXProject section */
		117BA6A41A62A68500923A25 /* Project object */ = {
			isa = PBXProject;
			attributes = {
				LastUpgradeCheck = 0610;
				ORGANIZATIONNAME = 1st1k;
				TargetAttributes = {
					117BA6AB1A62A68500923A25 = {
						CreatedOnToolsVersion = 6.1.1;
					};
					117BA6C71A62A68500923A25 = {
						CreatedOnToolsVersion = 6.1.1;
						TestTargetID = 117BA6AB1A62A68500923A25;
					};
				};
			};
			buildConfigurationList = 117BA6A71A62A68500923A25 /* Build configuration list for PBXProject "Matchedup" */;
			compatibilityVersion = "Xcode 3.2";
			developmentRegion = English;
			hasScannedForEncodings = 0;
			knownRegions = (
				en,
				Base,
			);
			mainGroup = 117BA6A31A62A68500923A25;
			productRefGroup = 117BA6AD1A62A68500923A25 /* Products */;
			projectDirPath = "";
			projectRoot = "";
			targets = (
				117BA6AB1A62A68500923A25 /* Matchedup */,
				117BA6C71A62A68500923A25 /* MatchedupTests */,
			);
		};
/* End PBXProject section */

/* Begin PBXResourcesBuildPhase section */
		117BA6AA1A62A68500923A25 /* Resources */ = {
			isa = PBXResourcesBuildPhase;
			buildActionMask = 2147483647;
			files = (
				11CE88DD1A66462700D895C6 /* faye.png in Resources */,
				117BA6BE1A62A68500923A25 /* Main.storyboard in Resources */,
				117BA6C31A62A68500923A25 /* LaunchScreen.xib in Resources */,
				117BA6C01A62A68500923A25 /* Images.xcassets in Resources */,
			);
			runOnlyForDeploymentPostprocessing = 0;
		};
		117BA6C61A62A68500923A25 /* Resources */ = {
			isa = PBXResourcesBuildPhase;
			buildActionMask = 2147483647;
			files = (
			);
			runOnlyForDeploymentPostprocessing = 0;
		};
/* End PBXResourcesBuildPhase section */

/* Begin PBXShellScriptBuildPhase section */
		65EAF70B210ADE877680E63A /* Copy Pods Resources */ = {
			isa = PBXShellScriptBuildPhase;
			buildActionMask = 2147483647;
			files = (
			);
			inputPaths = (
			);
			name = "Copy Pods Resources";
			outputPaths = (
			);
			runOnlyForDeploymentPostprocessing = 0;
			shellPath = /bin/sh;
			shellScript = "\"${SRCROOT}/Pods/Target Support Files/Pods/Pods-resources.sh\"\n";
			showEnvVarsInLog = 0;
		};
		6CF7D30EB710433342327CAC /* Check Pods Manifest.lock */ = {
			isa = PBXShellScriptBuildPhase;
			buildActionMask = 2147483647;
			files = (
			);
			inputPaths = (
			);
			name = "Check Pods Manifest.lock";
			outputPaths = (
			);
			runOnlyForDeploymentPostprocessing = 0;
			shellPath = /bin/sh;
			shellScript = "diff \"${PODS_ROOT}/../Podfile.lock\" \"${PODS_ROOT}/Manifest.lock\" > /dev/null\nif [[ $? != 0 ]] ; then\n    cat << EOM\nerror: The sandbox is not in sync with the Podfile.lock. Run 'pod install' or update your CocoaPods installation.\nEOM\n    exit 1\nfi\n";
			showEnvVarsInLog = 0;
		};
/* End PBXShellScriptBuildPhase section */

/* Begin PBXSourcesBuildPhase section */
		117BA6A81A62A68500923A25 /* Sources */ = {
			isa = PBXSourcesBuildPhase;
			buildActionMask = 2147483647;
			files = (
				117BA6B51A62A68500923A25 /* AppDelegate.m in Sources */,
				117BA6B21A62A68500923A25 /* main.m in Sources */,
				11CE88E51A664E4B00D895C6 /* XZZSettingsViewController.m in Sources */,
				11CE88E11A66482700D895C6 /* XZZHomeViewController.m in Sources */,
				117BA6DE1A638B2500923A25 /* XZZConstants.m in Sources */,
				117BA6DA1A62A77B00923A25 /* XZZLoginViewController.m in Sources */,
			);
			runOnlyForDeploymentPostprocessing = 0;
		};
		117BA6C41A62A68500923A25 /* Sources */ = {
			isa = PBXSourcesBuildPhase;
			buildActionMask = 2147483647;
			files = (
				117BA6CF1A62A68500923A25 /* MatchedupTests.m in Sources */,
			);
			runOnlyForDeploymentPostprocessing = 0;
		};
/* End PBXSourcesBuildPhase section */

/* Begin PBXTargetDependency section */
		117BA6CA1A62A68500923A25 /* PBXTargetDependency */ = {
			isa = PBXTargetDependency;
			target = 117BA6AB1A62A68500923A25 /* Matchedup */;
			targetProxy = 117BA6C91A62A68500923A25 /* PBXContainerItemProxy */;
		};
/* End PBXTargetDependency section */

/* Begin PBXVariantGroup section */
		117BA6BC1A62A68500923A25 /* Main.storyboard */ = {
			isa = PBXVariantGroup;
			children = (
				117BA6BD1A62A68500923A25 /* Base */,
			);
			name = Main.storyboard;
			sourceTree = "<group>";
		};
		117BA6C11A62A68500923A25 /* LaunchScreen.xib */ = {
			isa = PBXVariantGroup;
			children = (
				117BA6C21A62A68500923A25 /* Base */,
			);
			name = LaunchScreen.xib;
			sourceTree = "<group>";
		};
/* End PBXVariantGroup section */

/* Begin XCBuildConfiguration section */
		117BA6D01A62A68500923A25 /* Debug */ = {
			isa = XCBuildConfiguration;
			buildSettings = {
				ALWAYS_SEARCH_USER_PATHS = NO;
				CLANG_CXX_LANGUAGE_STANDARD = "gnu++0x";
				CLANG_CXX_LIBRARY = "libc++";
				CLANG_ENABLE_MODULES = YES;
				CLANG_ENABLE_OBJC_ARC = YES;
				CLANG_WARN_BOOL_CONVERSION = YES;
				CLANG_WARN_CONSTANT_CONVERSION = YES;
				CLANG_WARN_DIRECT_OBJC_ISA_USAGE = YES_ERROR;
				CLANG_WARN_EMPTY_BODY = YES;
				CLANG_WARN_ENUM_CONVERSION = YES;
				CLANG_WARN_INT_CONVERSION = YES;
				CLANG_WARN_OBJC_ROOT_CLASS = YES_ERROR;
				CLANG_WARN_UNREACHABLE_CODE = YES;
				CLANG_WARN__DUPLICATE_METHOD_MATCH = YES;
				"CODE_SIGN_IDENTITY[sdk=iphoneos*]" = "iPhone Developer";
				COPY_PHASE_STRIP = NO;
				ENABLE_STRICT_OBJC_MSGSEND = YES;
				GCC_C_LANGUAGE_STANDARD = gnu99;
				GCC_DYNAMIC_NO_PIC = NO;
				GCC_OPTIMIZATION_LEVEL = 0;
				GCC_PREPROCESSOR_DEFINITIONS = (
					"DEBUG=1",
					"$(inherited)",
				);
				GCC_SYMBOLS_PRIVATE_EXTERN = NO;
				GCC_WARN_64_TO_32_BIT_CONVERSION = YES;
				GCC_WARN_ABOUT_RETURN_TYPE = YES_ERROR;
				GCC_WARN_UNDECLARED_SELECTOR = YES;
				GCC_WARN_UNINITIALIZED_AUTOS = YES_AGGRESSIVE;
				GCC_WARN_UNUSED_FUNCTION = YES;
				GCC_WARN_UNUSED_VARIABLE = YES;
				IPHONEOS_DEPLOYMENT_TARGET = 8.1;
				MTL_ENABLE_DEBUG_INFO = YES;
				ONLY_ACTIVE_ARCH = YES;
				SDKROOT = iphoneos;
				TARGETED_DEVICE_FAMILY = "1,2";
			};
			name = Debug;
		};
		117BA6D11A62A68500923A25 /* Release */ = {
			isa = XCBuildConfiguration;
			buildSettings = {
				ALWAYS_SEARCH_USER_PATHS = NO;
				CLANG_CXX_LANGUAGE_STANDARD = "gnu++0x";
				CLANG_CXX_LIBRARY = "libc++";
				CLANG_ENABLE_MODULES = YES;
				CLANG_ENABLE_OBJC_ARC = YES;
				CLANG_WARN_BOOL_CONVERSION = YES;
				CLANG_WARN_CONSTANT_CONVERSION = YES;
				CLANG_WARN_DIRECT_OBJC_ISA_USAGE = YES_ERROR;
				CLANG_WARN_EMPTY_BODY = YES;
				CLANG_WARN_ENUM_CONVERSION = YES;
				CLANG_WARN_INT_CONVERSION = YES;
				CLANG_WARN_OBJC_ROOT_CLASS = YES_ERROR;
				CLANG_WARN_UNREACHABLE_CODE = YES;
				CLANG_WARN__DUPLICATE_METHOD_MATCH = YES;
				"CODE_SIGN_IDENTITY[sdk=iphoneos*]" = "iPhone Developer";
				COPY_PHASE_STRIP = YES;
				ENABLE_NS_ASSERTIONS = NO;
				ENABLE_STRICT_OBJC_MSGSEND = YES;
				GCC_C_LANGUAGE_STANDARD = gnu99;
				GCC_WARN_64_TO_32_BIT_CONVERSION = YES;
				GCC_WARN_ABOUT_RETURN_TYPE = YES_ERROR;
				GCC_WARN_UNDECLARED_SELECTOR = YES;
				GCC_WARN_UNINITIALIZED_AUTOS = YES_AGGRESSIVE;
				GCC_WARN_UNUSED_FUNCTION = YES;
				GCC_WARN_UNUSED_VARIABLE = YES;
				IPHONEOS_DEPLOYMENT_TARGET = 8.1;
				MTL_ENABLE_DEBUG_INFO = NO;
				SDKROOT = iphoneos;
				TARGETED_DEVICE_FAMILY = "1,2";
				VALIDATE_PRODUCT = YES;
			};
			name = Release;
		};
		117BA6D31A62A68500923A25 /* Debug */ = {
			isa = XCBuildConfiguration;
			baseConfigurationReference = E88652461C084C278C0ADDAB /* Pods.debug.xcconfig */;
			buildSettings = {
				ASSETCATALOG_COMPILER_APPICON_NAME = AppIcon;
				INFOPLIST_FILE = Matchedup/Info.plist;
				LD_RUNPATH_SEARCH_PATHS = "$(inherited) @executable_path/Frameworks";
				PRODUCT_NAME = "$(TARGET_NAME)";
			};
			name = Debug;
		};
		117BA6D41A62A68500923A25 /* Release */ = {
			isa = XCBuildConfiguration;
			baseConfigurationReference = 8463E9A5F31DA5AED5C86A3F /* Pods.release.xcconfig */;
			buildSettings = {
				ASSETCATALOG_COMPILER_APPICON_NAME = AppIcon;
				INFOPLIST_FILE = Matchedup/Info.plist;
				LD_RUNPATH_SEARCH_PATHS = "$(inherited) @executable_path/Frameworks";
				PRODUCT_NAME = "$(TARGET_NAME)";
			};
			name = Release;
		};
		117BA6D61A62A68500923A25 /* Debug */ = {
			isa = XCBuildConfiguration;
			buildSettings = {
				BUNDLE_LOADER = "$(TEST_HOST)";
				FRAMEWORK_SEARCH_PATHS = (
					"$(SDKROOT)/Developer/Library/Frameworks",
					"$(inherited)",
				);
				GCC_PREPROCESSOR_DEFINITIONS = (
					"DEBUG=1",
					"$(inherited)",
				);
				INFOPLIST_FILE = MatchedupTests/Info.plist;
				LD_RUNPATH_SEARCH_PATHS = "$(inherited) @executable_path/Frameworks @loader_path/Frameworks";
				PRODUCT_NAME = "$(TARGET_NAME)";
				TEST_HOST = "$(BUILT_PRODUCTS_DIR)/Matchedup.app/Matchedup";
			};
			name = Debug;
		};
		117BA6D71A62A68500923A25 /* Release */ = {
			isa = XCBuildConfiguration;
			buildSettings = {
				BUNDLE_LOADER = "$(TEST_HOST)";
				FRAMEWORK_SEARCH_PATHS = (
					"$(SDKROOT)/Developer/Library/Frameworks",
					"$(inherited)",
				);
				INFOPLIST_FILE = MatchedupTests/Info.plist;
				LD_RUNPATH_SEARCH_PATHS = "$(inherited) @executable_path/Frameworks @loader_path/Frameworks";
				PRODUCT_NAME = "$(TARGET_NAME)";
				TEST_HOST = "$(BUILT_PRODUCTS_DIR)/Matchedup.app/Matchedup";
			};
			name = Release;
		};
/* End XCBuildConfiguration section */

/* Begin XCConfigurationList section */
		117BA6A71A62A68500923A25 /* Build configuration list for PBXProject "Matchedup" */ = {
			isa = XCConfigurationList;
			buildConfigurations = (
				117BA6D01A62A68500923A25 /* Debug */,
				117BA6D11A62A68500923A25 /* Release */,
			);
			defaultConfigurationIsVisible = 0;
			defaultConfigurationName = Release;
		};
		117BA6D21A62A68500923A25 /* Build configuration list for PBXNativeTarget "Matchedup" */ = {
			isa = XCConfigurationList;
			buildConfigurations = (
				117BA6D31A62A68500923A25 /* Debug */,
				117BA6D41A62A68500923A25 /* Release */,
			);
			defaultConfigurationIsVisible = 0;
			defaultConfigurationName = Release;
		};
		117BA6D51A62A68500923A25 /* Build configuration list for PBXNativeTarget "MatchedupTests" */ = {
			isa = XCConfigurationList;
			buildConfigurations = (
				117BA6D61A62A68500923A25 /* Debug */,
				117BA6D71A62A68500923A25 /* Release */,
			);
			defaultConfigurationIsVisible = 0;
			defaultConfigurationName = Release;
		};
/* End XCConfigurationList section */
	};
	rootObject = 117BA6A41A62A68500923A25 /* Project object */;
}
